
Microsoft Visual Studio Solution File, Format Version 12.00
# Visual Studio Version 16
VisualStudioVersion = 16.0.30114.105
MinimumVisualStudioVersion = 10.0.40219.1
Project("{FAE04EC0-301F-11D3-BF4B-00C04F79EFBC}") = "EA", "EA\EA.csproj", "{4309354D-06F8-4DA5-910C-525D4BB02E3F}"
EndProject
Project("{FAE04EC0-301F-11D3-BF4B-00C04F79EFBC}") = "EA.Tests", "EA.Tests\EA.Tests.csproj", "{A0B44CE3-A8FA-4B3D-B005-827B08DDF234}"
EndProject
Project("{FAE04EC0-301F-11D3-BF4B-00C04F79EFBC}") = "EAcatter", "EAcatter\EAcatter.csproj", "{61056FA7-760D-4BB4-9894-A5C713B7278A}"
EndProject
Project("{FAE04EC0-301F-11D3-BF4B-00C04F79EFBC}") = "EA.WidthCategorizer", "EA.WidthCategorizer\EA.WidthCategorizer.csproj", "{B9AA3032-85DC-43B7-9B3D-3BDB1C2054F9}"
EndProject
Global
	GlobalSection(SolutionConfigurationPlatforms) = preSolution
		Debug|Any CPU = Debug|Any CPU
		Release|Any CPU = Release|Any CPU
	EndGlobalSection
	GlobalSection(SolutionProperties) = preSolution
		HideSolutionNode = FALSE
	EndGlobalSection
	GlobalSection(ProjectConfigurationPlatforms) = postSolution
		{4309354D-06F8-4DA5-910C-525D4BB02E3F}.Debug|Any CPU.ActiveCfg = Debug|Any CPU
		{4309354D-06F8-4DA5-910C-525D4BB02E3F}.Debug|Any CPU.Build.0 = Debug|Any CPU
		{4309354D-06F8-4DA5-910C-525D4BB02E3F}.Release|Any CPU.ActiveCfg = Release|Any CPU
		{4309354D-06F8-4DA5-910C-525D4BB02E3F}.Release|Any CPU.Build.0 = Release|Any CPU
		{A0B44CE3-A8FA-4B3D-B005-827B08DDF234}.Debug|Any CPU.ActiveCfg = Debug|Any CPU
		{A0B44CE3-A8FA-4B3D-B005-827B08DDF234}.Debug|Any CPU.Build.0 = Debug|Any CPU
		{A0B44CE3-A8FA-4B3D-B005-827B08DDF234}.Release|Any CPU.ActiveCfg = Release|Any CPU
		{A0B44CE3-A8FA-4B3D-B005-827B08DDF234}.Release|Any CPU.Build.0 = Release|Any CPU
		{61056FA7-760D-4BB4-9894-A5C713B7278A}.Debug|Any CPU.ActiveCfg = Debug|Any CPU
		{61056FA7-760D-4BB4-9894-A5C713B7278A}.Debug|Any CPU.Build.0 = Debug|Any CPU
		{61056FA7-760D-4BB4-9894-A5C713B7278A}.Release|Any CPU.ActiveCfg = Release|Any CPU
		{61056FA7-760D-4BB4-9894-A5C713B7278A}.Release|Any CPU.Build.0 = Release|Any CPU
		{B9AA3032-85DC-43B7-9B3D-3BDB1C2054F9}.Debug|Any CPU.ActiveCfg = Debug|Any CPU
		{B9AA3032-85DC-43B7-9B3D-3BDB1C2054F9}.Debug|Any CPU.Build.0 = Debug|Any CPU
		{B9AA3032-85DC-43B7-9B3D-3BDB1C2054F9}.Release|Any CPU.ActiveCfg = Release|Any CPU
		{B9AA3032-85DC-43B7-9B3D-3BDB1C2054F9}.Release|Any CPU.Build.0 = Release|Any CPU
	EndGlobalSection
EndGlobal
